{
  "requires": true,
  "lockfileVersion": 1,
  "dependencies": {
    "bstreeview": {
      "version": "1.2.0",
      "resolved": "https://registry.npmjs.org/bstreeview/-/bstreeview-1.2.0.tgz",
      "integrity": "sha512-U84MiQLB2Cu2llvQMNNjBx9VMBvbruU0bCihK34Z76pwmsY/hDOYZze9GkovZA/BqTCCgF135Q1jFe2UaOgedA=="
    }
  }
}
